Microsoft Visual Studio Solution File, Format Version 12.00
# Visual Studio Version 17
VisualStudioVersion = 17.5.2.0
MinimumVisualStudioVersion = 10.0.40219.1
Project("{FAE04EC0-301F-11D3-BF4B-00C04F79EFBC}") = "EmployeeApi.Domain", "EmployeeApi.Domain.csproj", "{BA9A9977-7568-01D3-DAF8-DD246E83548F}"
EndProject
Global
	GlobalSection(SolutionConfigurationPlatforms) = preSolution
		Debug|Any CPU = Debug|Any CPU
		Release|Any CPU = Release|Any CPU
	EndGlobalSection
	GlobalSection(ProjectConfigurationPlatforms) = postSolution
		{BA9A9977-7568-01D3-DAF8-DD246E83548F}.Debug|Any CPU.ActiveCfg = Debug|Any CPU
		{BA9A9977-7568-01D3-DAF8-DD246E83548F}.Debug|Any CPU.Build.0 = Debug|Any CPU
		{BA9A9977-7568-01D3-DAF8-DD246E83548F}.Release|Any CPU.ActiveCfg = Release|Any CPU
		{BA9A9977-7568-01D3-DAF8-DD246E83548F}.Release|Any CPU.Build.0 = Release|Any CPU
	EndGlobalSection
	GlobalSection(SolutionProperties) = preSolution
		HideSolutionNode = FALSE
	EndGlobalSection
	GlobalSection(ExtensibilityGlobals) = postSolution
		SolutionGuid = {E0C05F45-7EB6-419E-B0A6-BB18B09C4AB6}
	EndGlobalSection
EndGlobal
